
Microsoft Visual Studio Solution File, Format Version 12.00
# Visual Studio Version 17
VisualStudioVersion = 17.2.32630.192
MinimumVisualStudioVersion = 10.0.40219.1
Project("{FAE04EC0-301F-11D3-BF4B-00C04F79EFBC}") = "ProjectDbV3", "ProjectDbV3\ProjectDbV3.csproj", "{AE992206-DF13-49A4-B0DD-9AF7388B18FC}"
EndProject
Global
	GlobalSection(SolutionConfigurationPlatforms) = preSolution
		Debug|Any CPU = Debug|Any CPU
		Release|Any CPU = Release|Any CPU
	EndGlobalSection
	GlobalSection(ProjectConfigurationPlatforms) = postSolution
		{AE992206-DF13-49A4-B0DD-9AF7388B18FC}.Debug|Any CPU.ActiveCfg = Debug|Any CPU
		{AE992206-DF13-49A4-B0DD-9AF7388B18FC}.Debug|Any CPU.Build.0 = Debug|Any CPU
		{AE992206-DF13-49A4-B0DD-9AF7388B18FC}.Release|Any CPU.ActiveCfg = Release|Any CPU
		{AE992206-DF13-49A4-B0DD-9AF7388B18FC}.Release|Any CPU.Build.0 = Release|Any CPU
	EndGlobalSection
	GlobalSection(SolutionProperties) = preSolution
		HideSolutionNode = FALSE
	EndGlobalSection
	GlobalSection(ExtensibilityGlobals) = postSolution
		SolutionGuid = {F941B2FF-8B67-4ECF-81F1-97A5ADE119C6}
	EndGlobalSection
EndGlobal
